
Microsoft Visual Studio Solution File, Format Version 12.00
# Visual Studio 2013
VisualStudioVersion = 12.0.21005.1
MinimumVisualStudioVersion = 10.0.40219.1
Project("{FAE04EC0-301F-11D3-BF4B-00C04F79EFBC}") = "MvcMusicStore", "MvcMusicStore\MvcMusicStore.csproj", "{D9124A2B-5327-45D8-8B50-4EA8B1890A2A}"
EndProject
Project("{FAE04EC0-301F-11D3-BF4B-00C04F79EFBC}") = "MvcMusicStore.Tests", "MvcMusicStore.Tests\MvcMusicStore.Tests.csproj", "{93D199EC-B06F-44EE-8450-815FCA322A4D}"
EndProject
Global
	GlobalSection(SolutionConfigurationPlatforms) = preSolution
		Debug|Any CPU = Debug|Any CPU
		Release|Any CPU = Release|Any CPU
	EndGlobalSection
	GlobalSection(ProjectConfigurationPlatforms) = postSolution
		{D9124A2B-5327-45D8-8B50-4EA8B1890A2A}.Debug|Any CPU.ActiveCfg = Debug|Any CPU
		{D9124A2B-5327-45D8-8B50-4EA8B1890A2A}.Debug|Any CPU.Build.0 = Debug|Any CPU
		{D9124A2B-5327-45D8-8B50-4EA8B1890A2A}.Release|Any CPU.ActiveCfg = Release|Any CPU
		{D9124A2B-5327-45D8-8B50-4EA8B1890A2A}.Release|Any CPU.Build.0 = Release|Any CPU
		{93D199EC-B06F-44EE-8450-815FCA322A4D}.Debug|Any CPU.ActiveCfg = Debug|Any CPU
		{93D199EC-B06F-44EE-8450-815FCA322A4D}.Debug|Any CPU.Build.0 = Debug|Any CPU
		{93D199EC-B06F-44EE-8450-815FCA322A4D}.Release|Any CPU.ActiveCfg = Release|Any CPU
		{93D199EC-B06F-44EE-8450-815FCA322A4D}.Release|Any CPU.Build.0 = Release|Any CPU
	EndGlobalSection
	GlobalSection(SolutionProperties) = preSolution
		HideSolutionNode = FALSE
	EndGlobalSection
EndGlobal
